// !$*UTF8*$!
{
	archiveVersion = 1;
	classes = {
	};
	objectVersion = 50;
	objects = {

/* Begin PBXBuildFile section */
		70118A91224C744A0092087A /* Mazda3.swift in Sources */ = {isa = PBXBuildFile; fileRef = 70118A90224C744A0092087A /* Mazda3.swift */; };
		70CB126C224B1E78005631C4 /* AppDelegate.swift in Sources */ = {isa = PBXBuildFile; fileRef = 70CB126B224B1E78005631C4 /* AppDelegate.swift */; };
		70CB126E224B1E78005631C4 /* ViewController.swift in Sources */ = {isa = PBXBuildFile; fileRef = 70CB126D224B1E78005631C4 /* ViewController.swift */; };
		70CB1271224B1E78005631C4 /* Main.storyboard in Resources */ = {isa = PBXBuildFile; fileRef = 70CB126F224B1E78005631C4 /* Main.storyboard */; };
		70CB1273224B1E79005631C4 /* Assets.xcassets in Resources */ = {isa = PBXBuildFile; fileRef = 70CB1272224B1E79005631C4 /* Assets.xcassets */; };
		70CB1276224B1E79005631C4 /* LaunchScreen.storyboard in Resources */ = {isa = PBXBuildFile; fileRef = 70CB1274224B1E79005631C4 /* LaunchScreen.storyboard */; };
		70FE501A2251AA3000515F5C /* Mazda3Mini.swift in Sources */ = {isa = PBXBuildFile; fileRef = 70FE50192251AA3000515F5C /* Mazda3Mini.swift */; };
/* End PBXBuildFile section */

/* Begin PBXFileReference section */
		70118A90224C744A0092087A /* Mazda3.swift */ = {isa = PBXFileReference; lastKnownFileType = sourcecode.swift; path = Mazda3.swift; sourceTree = "<group>"; };
		70CB1268224B1E78005631C4 /* poo.app */ = {isa = PBXFileReference; explicitFileType = wrapper.application; includeInIndex = 0; path = poo.app; sourceTree = BUILT_PRODUCTS_DIR; };
		70CB126B224B1E78005631C4 /* AppDelegate.swift */ = {isa = PBXFileReference; lastKnownFileType = sourcecode.swift; path = AppDelegate.swift; sourceTree = "<group>"; };
		70CB126D224B1E78005631C4 /* ViewController.swift */ = {isa = PBXFileReference; lastKnownFileType = sourcecode.swift; path = ViewController.swift; sourceTree = "<group>"; };
		70CB1270224B1E78005631C4 /* Base */ = {isa = PBXFileReference; lastKnownFileType = file.storyboard; name = Base; path = Base.lproj/Main.storyboard; sourceTree = "<group>"; };
		70CB1272224B1E79005631C4 /* Assets.xcassets */ = {isa = PBXFileReference; lastKnownFileType = folder.assetcatalog; path = Assets.xcassets; sourceTree = "<group>"; };
		70CB1275224B1E79005631C4 /* Base */ = {isa = PBXFileReference; lastKnownFileType = file.storyboard; name = Base; path = Base.lproj/LaunchScreen.storyboard; sourceTree = "<group>"; };
		70CB1277224B1E79005631C4 /* Info.plist */ = {isa = PBXFileReference; lastKnownFileType = text.plist.xml; path = Info.plist; sourceTree = "<group>"; };
		70CB1280224B206C005631C4 /* Poo.playground */ = {isa = PBXFileReference; lastKnownFileType = file.playground; name = Poo.playground; path = ../../Poo.playground; sourceTree = "<group>"; xcLanguageSpecificationIdentifier = xcode.lang.swift; };
		70FE50192251AA3000515F5C /* Mazda3Mini.swift */ = {isa = PBXFileReference; lastKnownFileType = sourcecode.swift; path = Mazda3Mini.swift; sourceTree = "<group>"; };
/* End PBXFileReference section */

/* Begin PBXFrameworksBuildPhase section */
		70CB1265224B1E78005631C4 /* Frameworks */ = {
			isa = PBXFrameworksBuildPhase;
			buildActionMask = 2147483647;
			files = (
			);
			runOnlyForDeploymentPostprocessing = 0;
		};
/* End PBXFrameworksBuildPhase section */

/* Begin PBXGroup section */
		70CB125F224B1E78005631C4 = {
			isa = PBXGroup;
			children = (
				70CB126A224B1E78005631C4 /* poo */,
				70CB1269224B1E78005631C4 /* Products */,
			);
			sourceTree = "<group>";
		};
		70CB1269224B1E78005631C4 /* Products */ = {
			isa = PBXGroup;
			children = (
				70CB1268224B1E78005631C4 /* poo.app */,
			);
			name = Products;
			sourceTree = "<group>";
		};
		70CB126A224B1E78005631C4 /* poo */ = {
			isa = PBXGroup;
			children = (
				70CB126B224B1E78005631C4 /* AppDelegate.swift */,
				70CB126D224B1E78005631C4 /* ViewController.swift */,
				70118A90224C744A0092087A /* Mazda3.swift */,
				70FE50192251AA3000515F5C /* Mazda3Mini.swift */,
				70CB126F224B1E78005631C4 /* Main.storyboard */,
				70CB1272224B1E79005631C4 /* Assets.xcassets */,
				70CB1274224B1E79005631C4 /* LaunchScreen.storyboard */,
				70CB1277224B1E79005631C4 /* Info.plist */,
				70CB1280224B206C005631C4 /* Poo.playground */,
			);
			path = poo;
			sourceTree = "<group>";
		};
/* End PBXGroup section */

/* Begin PBXNativeTarget section */
		70CB1267224B1E78005631C4 /* poo */ = {
			isa = PBXNativeTarget;
			buildConfigurationList = 70CB127A224B1E79005631C4 /* Build configuration list for PBXNativeTarget "poo" */;
			buildPhases = (
				70CB1264224B1E78005631C4 /* Sources */,
				70CB1265224B1E78005631C4 /* Frameworks */,
				70CB1266224B1E78005631C4 /* Resources */,
			);
			buildRules = (
			);
			dependencies = (
			);
			name = poo;
			productName = poo;
			productReference = 70CB1268224B1E78005631C4 /* poo.app */;
			productType = "com.apple.product-type.application";
		};
/* End PBXNativeTarget section */

/* Begin PBXProject section */
		70CB1260224B1E78005631C4 /* Project object */ = {
			isa = PBXProject;
			attributes = {
				LastSwiftUpdateCheck = 1020;
				LastUpgradeCheck = 1020;
				ORGANIZATIONNAME = "Luis Eduardo Rosales Prieto";
				TargetAttributes = {
					70CB1267224B1E78005631C4 = {
						CreatedOnToolsVersion = 10.2;
					};
				};
			};
			buildConfigurationList = 70CB1263224B1E78005631C4 /* Build configuration list for PBXProject "poo" */;
			compatibilityVersion = "Xcode 9.3";
			developmentRegion = en;
			hasScannedForEncodings = 0;
			knownRegions = (
				en,
				Base,
			);
			mainGroup = 70CB125F224B1E78005631C4;
			productRefGroup = 70CB1269224B1E78005631C4 /* Products */;
			projectDirPath = "";
			projectRoot = "";
			targets = (
				70CB1267224B1E78005631C4 /* poo */,
			);
		};
/* End PBXProject section */

/* Begin PBXResourcesBuildPhase section */
		70CB1266224B1E78005631C4 /* Resources */ = {
			isa = PBXResourcesBuildPhase;
			buildActionMask = 2147483647;
			files = (
				70CB1276224B1E79005631C4 /* LaunchScreen.storyboard in Resources */,
				70CB1273224B1E79005631C4 /* Assets.xcassets in Resources */,
				70CB1271224B1E78005631C4 /* Main.storyboard in Resources */,
			);
			runOnlyForDeploymentPostprocessing = 0;
		};
/* End PBXResourcesBuildPhase section */

/* Begin PBXSourcesBuildPhase section */
		70CB1264224B1E78005631C4 /* Sources */ = {
			isa = PBXSourcesBuildPhase;
			buildActionMask = 2147483647;
			files = (
				70FE501A2251AA3000515F5C /* Mazda3Mini.swift in Sources */,
				70118A91224C744A0092087A /* Mazda3.swift in Sources */,
				70CB126E224B1E78005631C4 /* ViewController.swift in Sources */,
				70CB126C224B1E78005631C4 /* AppDelegate.swift in Sources */,
			);
			runOnlyForDeploymentPostprocessing = 0;
		};
/* End PBXSourcesBuildPhase section */

/* Begin PBXVariantGroup section */
		70CB126F224B1E78005631C4 /* Main.storyboard */ = {
			isa = PBXVariantGroup;
			children = (
				70CB1270224B1E78005631C4 /* Base */,
			);
			name = Main.storyboard;
			sourceTree = "<group>";
		};
		70CB1274224B1E79005631C4 /* LaunchScreen.storyboard */ = {
			isa = PBXVariantGroup;
			children = (
				70CB1275224B1E79005631C4 /* Base */,
			);
			name = LaunchScreen.storyboard;
			sourceTree = "<group>";
		};
/* End PBXVariantGroup section */

/* Begin XCBuildConfiguration section */
		70CB1278224B1E79005631C4 /* Debug */ = {
			isa = XCBuildConfiguration;
			buildSettings = {
				ALWAYS_SEARCH_USER_PATHS = NO;
				CLANG_ANALYZER_NONNULL = YES;
				CLANG_ANALYZER_NUMBER_OBJECT_CONVERSION = YES_AGGRESSIVE;
				CLANG_CXX_LANGUAGE_STANDARD = "gnu++14";
				CLANG_CXX_LIBRARY = "libc++";
				CLANG_ENABLE_MODULES = YES;
				CLANG_ENABLE_OBJC_ARC = YES;
				CLANG_ENABLE_OBJC_WEAK = YES;
				CLANG_WARN_BLOCK_CAPTURE_AUTORELEASING = YES;
				CLANG_WARN_BOOL_CONVERSION = YES;
				CLANG_WARN_COMMA = YES;
				CLANG_WARN_CONSTANT_CONVERSION = YES;
				CLANG_WARN_DEPRECATED_OBJC_IMPLEMENTATIONS = YES;
				CLANG_WARN_DIRECT_OBJC_ISA_USAGE = YES_ERROR;
				CLANG_WARN_DOCUMENTATION_COMMENTS = YES;
				CLANG_WARN_EMPTY_BODY = YES;
				CLANG_WARN_ENUM_CONVERSION = YES;
				CLANG_WARN_INFINITE_RECURSION = YES;
				CLANG_WARN_INT_CONVERSION = YES;
				CLANG_WARN_NON_LITERAL_NULL_CONVERSION = YES;
				CLANG_WARN_OBJC_IMPLICIT_RETAIN_SELF = YES;
				CLANG_WARN_OBJC_LITERAL_CONVERSION = YES;
				CLANG_WARN_OBJC_ROOT_CLASS = YES_ERROR;
				CLANG_WARN_RANGE_LOOP_ANALYSIS = YES;
				CLANG_WARN_STRICT_PROTOTYPES = YES;
				CLANG_WARN_SUSPICIOUS_MOVE = YES;
				CLANG_WARN_UNGUARDED_AVAILABILITY = YES_AGGRESSIVE;
				CLANG_WARN_UNREACHABLE_CODE = YES;
				CLANG_WARN__DUPLICATE_METHOD_MATCH = YES;
				CODE_SIGN_IDENTITY = "iPhone Developer";
				COPY_PHASE_STRIP = NO;
				DEBUG_INFORMATION_FORMAT = dwarf;
				ENABLE_STRICT_OBJC_MSGSEND = YES;
				ENABLE_TESTABILITY = YES;
				GCC_C_LANGUAGE_STANDARD = gnu11;
				GCC_DYNAMIC_NO_PIC = NO;
				GCC_NO_COMMON_BLOCKS = YES;
				GCC_OPTIMIZATION_LEVEL = 0;
				GCC_PREPROCESSOR_DEFINITIONS = (
					"DEBUG=1",
					"$(inherited)",
				);
				GCC_WARN_64_TO_32_BIT_CONVERSION = YES;
				GCC_WARN_ABOUT_RETURN_TYPE = YES_ERROR;
				GCC_WARN_UNDECLARED_SELECTOR = YES;
				GCC_WARN_UNINITIALIZED_AUTOS = YES_AGGRESSIVE;
				GCC_WARN_UNUSED_FUNCTION = YES;
				GCC_WARN_UNUSED_VARIABLE = YES;
				IPHONEOS_DEPLOYMENT_TARGET = 12.2;
				MTL_ENABLE_DEBUG_INFO = INCLUDE_SOURCE;
				MTL_FAST_MATH = YES;
				ONLY_ACTIVE_ARCH = YES;
				SDKROOT = iphoneos;
				SWIFT_ACTIVE_COMPILATION_CONDITIONS = DEBUG;
				SWIFT_OPTIMIZATION_LEVEL = "-Onone";
			};
			name = Debug;
		};
		70CB1279224B1E79005631C4 /* Release */ = {
			isa = XCBuildConfiguration;
			buildSettings = {
				ALWAYS_SEARCH_USER_PATHS = NO;
				CLANG_ANALYZER_NONNULL = YES;
				CLANG_ANALYZER_NUMBER_OBJECT_CONVERSION = YES_AGGRESSIVE;
				CLANG_CXX_LANGUAGE_STANDARD = "gnu++14";
				CLANG_CXX_LIBRARY = "libc++";
				CLANG_ENABLE_MODULES = YES;
				CLANG_ENABLE_OBJC_ARC = YES;
				CLANG_ENABLE_OBJC_WEAK = YES;
				CLANG_WARN_BLOCK_CAPTURE_AUTORELEASING = YES;
				CLANG_WARN_BOOL_CONVERSION = YES;
				CLANG_WARN_COMMA = YES;
				CLANG_WARN_CONSTANT_CONVERSION = YES;
				CLANG_WARN_DEPRECATED_OBJC_IMPLEMENTATIONS = YES;
				CLANG_WARN_DIRECT_OBJC_ISA_USAGE = YES_ERROR;
				CLANG_WARN_DOCUMENTATION_COMMENTS = YES;
				CLANG_WARN_EMPTY_BODY = YES;
				CLANG_WARN_ENUM_CONVERSION = YES;
				CLANG_WARN_INFINITE_RECURSION = YES;
				CLANG_WARN_INT_CONVERSION = YES;
				CLANG_WARN_NON_LITERAL_NULL_CONVERSION = YES;
				CLANG_WARN_OBJC_IMPLICIT_RETAIN_SELF = YES;
				CLANG_WARN_OBJC_LITERAL_CONVERSION = YES;
				CLANG_WARN_OBJC_ROOT_CLASS = YES_ERROR;
				CLANG_WARN_RANGE_LOOP_ANALYSIS = YES;
				CLANG_WARN_STRICT_PROTOTYPES = YES;
				CLANG_WARN_SUSPICIOUS_MOVE = YES;
				CLANG_WARN_UNGUARDED_AVAILABILITY = YES_AGGRESSIVE;
				CLANG_WARN_UNREACHABLE_CODE = YES;
				CLANG_WARN__DUPLICATE_METHOD_MATCH = YES;
				CODE_SIGN_IDENTITY = "iPhone Developer";
				COPY_PHASE_STRIP = NO;
				DEBUG_INFORMATION_FORMAT = "dwarf-with-dsym";
				ENABLE_NS_ASSERTIONS = NO;
				ENABLE_STRICT_OBJC_MSGSEND = YES;
				GCC_C_LANGUAGE_STANDARD = gnu11;
				GCC_NO_COMMON_BLOCKS = YES;
				GCC_WARN_64_TO_32_BIT_CONVERSION = YES;
				GCC_WARN_ABOUT_RETURN_TYPE = YES_ERROR;
				GCC_WARN_UNDECLARED_SELECTOR = YES;
				GCC_WARN_UNINITIALIZED_AUTOS = YES_AGGRESSIVE;
				GCC_WARN_UNUSED_FUNCTION = YES;
				GCC_WARN_UNUSED_VARIABLE = YES;
				IPHONEOS_DEPLOYMENT_TARGET = 12.2;
				MTL_ENABLE_DEBUG_INFO = NO;
				MTL_FAST_MATH = YES;
				SDKROOT = iphoneos;
				SWIFT_COMPILATION_MODE = wholemodule;
				SWIFT_OPTIMIZATION_LEVEL = "-O";
				VALIDATE_PRODUCT = YES;
			};
			name = Release;
		};
		70CB127B224B1E79005631C4 /* Debug */ = {
			isa = XCBuildConfiguration;
			buildSettings = {
				ASSETCATALOG_COMPILER_APPICON_NAME = AppIcon;
				CODE_SIGN_STYLE = Automatic;
				INFOPLIST_FILE = poo/Info.plist;
				LD_RUNPATH_SEARCH_PATHS = (
					"$(inherited)",
					"@executable_path/Frameworks",
				);
				PRODUCT_BUNDLE_IDENTIFIER = com.AppEjemplo.poo;
				PRODUCT_NAME = "$(TARGET_NAME)";
				SWIFT_VERSION = 5.0;
				TARGETED_DEVICE_FAMILY = "1,2";
			};
			name = Debug;
		};
		70CB127C224B1E79005631C4 /* Release */ = {
			isa = XCBuildConfiguration;
			buildSettings = {
				ASSETCATALOG_COMPILER_APPICON_NAME = AppIcon;
				CODE_SIGN_STYLE = Automatic;
				INFOPLIST_FILE = poo/Info.plist;
				LD_RUNPATH_SEARCH_PATHS = (
					"$(inherited)",
					"@executable_path/Frameworks",
				);
				PRODUCT_BUNDLE_IDENTIFIER = com.AppEjemplo.poo;
				PRODUCT_NAME = "$(TARGET_NAME)";
				SWIFT_VERSION = 5.0;
				TARGETED_DEVICE_FAMILY = "1,2";
			};
			name = Release;
		};
/* End XCBuildConfiguration section */

/* Begin XCConfigurationList section */
		70CB1263224B1E78005631C4 /* Build configuration list for PBXProject "poo" */ = {
			isa = XCConfigurationList;
			buildConfigurations = (
				70CB1278224B1E79005631C4 /* Debug */,
				70CB1279224B1E79005631C4 /* Release */,
			);
			defaultConfigurationIsVisible = 0;
			defaultConfigurationName = Release;
		};
		70CB127A224B1E79005631C4 /* Build configuration list for PBXNativeTarget "poo" */ = {
			isa = XCConfigurationList;
			buildConfigurations = (
				70CB127B224B1E79005631C4 /* Debug */,
				70CB127C224B1E79005631C4 /* Release */,
			);
			defaultConfigurationIsVisible = 0;
			defaultConfigurationName = Release;
		};
/* End XCConfigurationList section */
	};
	rootObject = 70CB1260224B1E78005631C4 /* Project object */;
}
